
Microsoft Visual Studio Solution File, Format Version 12.00
# Visual Studio Version 17
VisualStudioVersion = 17.14.36518.9 d17.14
MinimumVisualStudioVersion = 10.0.40219.1
Project("{FAE04EC0-301F-11D3-BF4B-00C04F79EFBC}") = "SharpCode", "SharpCode.csproj", "{008BE340-21FB-4977-921B-BF5AD979E8F2}"
EndProject
Global
	GlobalSection(SolutionConfigurationPlatforms) = preSolution
		Debug|Any CPU = Debug|Any CPU
		Release|Any CPU = Release|Any CPU
	EndGlobalSection
	GlobalSection(ProjectConfigurationPlatforms) = postSolution
		{008BE340-21FB-4977-921B-BF5AD979E8F2}.Debug|Any CPU.ActiveCfg = Debug|Any CPU
		{008BE340-21FB-4977-921B-BF5AD979E8F2}.Debug|Any CPU.Build.0 = Debug|Any CPU
		{008BE340-21FB-4977-921B-BF5AD979E8F2}.Release|Any CPU.ActiveCfg = Release|Any CPU
		{008BE340-21FB-4977-921B-BF5AD979E8F2}.Release|Any CPU.Build.0 = Release|Any CPU
	EndGlobalSection
	GlobalSection(SolutionProperties) = preSolution
		HideSolutionNode = FALSE
	EndGlobalSection
	GlobalSection(ExtensibilityGlobals) = postSolution
		SolutionGuid = {5255CC4A-2976-4C11-8693-09AF5A524F98}
	EndGlobalSection
EndGlobal
